
Microsoft Visual Studio Solution File, Format Version 12.00
# Visual Studio Version 17
VisualStudioVersion = 17.10.35122.118
MinimumVisualStudioVersion = 10.0.40219.1
Project("{FAE04EC0-301F-11D3-BF4B-00C04F79EFBC}") = "FuncAzEx1", "FuncAzEx1\FuncAzEx1.csproj", "{666ECA2C-78C7-4B65-913B-FDB2F125EB94}"
EndProject
Global
	GlobalSection(SolutionConfigurationPlatforms) = preSolution
		Debug|Any CPU = Debug|Any CPU
		Release|Any CPU = Release|Any CPU
	EndGlobalSection
	GlobalSection(ProjectConfigurationPlatforms) = postSolution
		{666ECA2C-78C7-4B65-913B-FDB2F125EB94}.Debug|Any CPU.ActiveCfg = Debug|Any CPU
		{666ECA2C-78C7-4B65-913B-FDB2F125EB94}.Debug|Any CPU.Build.0 = Debug|Any CPU
		{666ECA2C-78C7-4B65-913B-FDB2F125EB94}.Release|Any CPU.ActiveCfg = Release|Any CPU
		{666ECA2C-78C7-4B65-913B-FDB2F125EB94}.Release|Any CPU.Build.0 = Release|Any CPU
	EndGlobalSection
	GlobalSection(SolutionProperties) = preSolution
		HideSolutionNode = FALSE
	EndGlobalSection
	GlobalSection(ExtensibilityGlobals) = postSolution
		SolutionGuid = {D0F259AF-EBF2-4CEE-B76E-D0615192B3A8}
	EndGlobalSection
EndGlobal
